
Microsoft Visual Studio Solution File, Format Version 12.00
# Visual Studio Version 17
VisualStudioVersion = 17.7.34031.279
MinimumVisualStudioVersion = 10.0.40219.1
Project("{9A19103F-16F7-4668-BE54-9A1E7A4F7556}") = "Goonwood", "Goonwood\Goonwood.csproj", "{C0F5482A-8356-4EB6-A07E-2CDB23AA9E86}"
EndProject
Global
	GlobalSection(SolutionConfigurationPlatforms) = preSolution
		Debug|Any CPU = Debug|Any CPU
		Release|Any CPU = Release|Any CPU
	EndGlobalSection
	GlobalSection(ProjectConfigurationPlatforms) = postSolution
		{C0F5482A-8356-4EB6-A07E-2CDB23AA9E86}.Debug|Any CPU.ActiveCfg = Debug|Any CPU
		{C0F5482A-8356-4EB6-A07E-2CDB23AA9E86}.Debug|Any CPU.Build.0 = Debug|Any CPU
		{C0F5482A-8356-4EB6-A07E-2CDB23AA9E86}.Release|Any CPU.ActiveCfg = Release|Any CPU
		{C0F5482A-8356-4EB6-A07E-2CDB23AA9E86}.Release|Any CPU.Build.0 = Release|Any CPU
	EndGlobalSection
	GlobalSection(SolutionProperties) = preSolution
		HideSolutionNode = FALSE
	EndGlobalSection
	GlobalSection(ExtensibilityGlobals) = postSolution
		SolutionGuid = {D71A36EA-CB0A-49F2-AEA1-8BBC9F2A525D}
	EndGlobalSection
EndGlobal
